// !$*UTF8*$!
{
	archiveVersion = 1;
	classes = {
	};
	objectVersion = 46;
	objects = {

/* Begin PBXBuildFile section */
		439818DF15A36C210094B983 /* NSObject+VGSBJson.m in Sources */ = {isa = PBXBuildFile; fileRef = 439818C615A36C210094B983 /* NSObject+VGSBJson.m */; settings = {COMPILER_FLAGS = "-fno-objc-arc"; }; };
		439818E015A36C210094B983 /* VGSBJsonParser.m in Sources */ = {isa = PBXBuildFile; fileRef = 439818C915A36C210094B983 /* VGSBJsonParser.m */; settings = {COMPILER_FLAGS = "-fno-objc-arc"; }; };
		439818E115A36C210094B983 /* VGSBJsonStreamParser.m in Sources */ = {isa = PBXBuildFile; fileRef = 439818CB15A36C210094B983 /* VGSBJsonStreamParser.m */; settings = {COMPILER_FLAGS = "-fno-objc-arc"; }; };
		439818E215A36C210094B983 /* VGSBJsonStreamParserAccumulator.m in Sources */ = {isa = PBXBuildFile; fileRef = 439818CD15A36C210094B983 /* VGSBJsonStreamParserAccumulator.m */; settings = {COMPILER_FLAGS = "-fno-objc-arc"; }; };
		439818E315A36C210094B983 /* VGSBJsonStreamParserAdapter.m in Sources */ = {isa = PBXBuildFile; fileRef = 439818CF15A36C210094B983 /* VGSBJsonStreamParserAdapter.m */; settings = {COMPILER_FLAGS = "-fno-objc-arc"; }; };
		439818E415A36C210094B983 /* VGSBJsonStreamParserState.m in Sources */ = {isa = PBXBuildFile; fileRef = 439818D115A36C210094B983 /* VGSBJsonStreamParserState.m */; settings = {COMPILER_FLAGS = "-fno-objc-arc"; }; };
		439818E515A36C210094B983 /* VGSBJsonStreamWriter.m in Sources */ = {isa = PBXBuildFile; fileRef = 439818D315A36C210094B983 /* VGSBJsonStreamWriter.m */; settings = {COMPILER_FLAGS = "-fno-objc-arc"; }; };
		439818E615A36C210094B983 /* VGSBJsonStreamWriterAccumulator.m in Sources */ = {isa = PBXBuildFile; fileRef = 439818D515A36C210094B983 /* VGSBJsonStreamWriterAccumulator.m */; settings = {COMPILER_FLAGS = "-fno-objc-arc"; }; };
		439818E715A36C210094B983 /* VGSBJsonStreamWriterState.m in Sources */ = {isa = PBXBuildFile; fileRef = 439818D715A36C210094B983 /* VGSBJsonStreamWriterState.m */; settings = {COMPILER_FLAGS = "-fno-objc-arc"; }; };
		439818E815A36C210094B983 /* VGSBJsonTokeniser.m in Sources */ = {isa = PBXBuildFile; fileRef = 439818D915A36C210094B983 /* VGSBJsonTokeniser.m */; settings = {COMPILER_FLAGS = "-fno-objc-arc"; }; };
		439818E915A36C210094B983 /* VGSBJsonUTF8Stream.m in Sources */ = {isa = PBXBuildFile; fileRef = 439818DB15A36C210094B983 /* VGSBJsonUTF8Stream.m */; settings = {COMPILER_FLAGS = "-fno-objc-arc"; }; };
		439818EA15A36C210094B983 /* VGSBJsonWriter.m in Sources */ = {isa = PBXBuildFile; fileRef = 439818DD15A36C210094B983 /* VGSBJsonWriter.m */; settings = {COMPILER_FLAGS = "-fno-objc-arc"; }; };
		4399C0711598EE5A00287DE2 /* UIKit.framework in Frameworks */ = {isa = PBXBuildFile; fileRef = 4399C0701598EE5A00287DE2 /* UIKit.framework */; };
		4399C0731598EE5A00287DE2 /* Foundation.framework in Frameworks */ = {isa = PBXBuildFile; fileRef = 4399C0721598EE5A00287DE2 /* Foundation.framework */; };
		4399C0751598EE5A00287DE2 /* CoreGraphics.framework in Frameworks */ = {isa = PBXBuildFile; fileRef = 4399C0741598EE5A00287DE2 /* CoreGraphics.framework */; };
		4399C07B1598EE5A00287DE2 /* InfoPlist.strings in Resources */ = {isa = PBXBuildFile; fileRef = 4399C0791598EE5A00287DE2 /* InfoPlist.strings */; };
		4399C07D1598EE5A00287DE2 /* main.m in Sources */ = {isa = PBXBuildFile; fileRef = 4399C07C1598EE5A00287DE2 /* main.m */; };
		4399C0811598EE5A00287DE2 /* AppDelegate.m in Sources */ = {isa = PBXBuildFile; fileRef = 4399C0801598EE5A00287DE2 /* AppDelegate.m */; };
		4399C0841598EE5A00287DE2 /* ViewController.m in Sources */ = {isa = PBXBuildFile; fileRef = 4399C0831598EE5A00287DE2 /* ViewController.m */; };
		4399C0921598F04600287DE2 /* OpenUDID.m in Sources */ = {isa = PBXBuildFile; fileRef = 4399C08F1598F04600287DE2 /* OpenUDID.m */; settings = {COMPILER_FLAGS = "-fno-objc-arc"; }; };
		4399C0931598F04600287DE2 /* VGDownload.m in Sources */ = {isa = PBXBuildFile; fileRef = 4399C0911598F04600287DE2 /* VGDownload.m */; settings = {COMPILER_FLAGS = "-fno-objc-arc"; }; };
		4399C0961598F77500287DE2 /* VGAnalytics.m in Sources */ = {isa = PBXBuildFile; fileRef = 4399C0951598F77500287DE2 /* VGAnalytics.m */; settings = {COMPILER_FLAGS = "-fno-objc-arc"; }; };
		43F58CF915A27BBE0080C366 /* SystemConfiguration.framework in Frameworks */ = {isa = PBXBuildFile; fileRef = 43F58CF815A27BBE0080C366 /* SystemConfiguration.framework */; };
/* End PBXBuildFile section */

/* Begin PBXFileReference section */
		439818C515A36C210094B983 /* NSObject+VGSBJson.h */ = {isa = PBXFileReference; fileEncoding = 4; lastKnownFileType = sourcecode.c.h; path = "NSObject+VGSBJson.h"; sourceTree = "<group>"; };
		439818C615A36C210094B983 /* NSObject+VGSBJson.m */ = {isa = PBXFileReference; fileEncoding = 4; lastKnownFileType = sourcecode.c.objc; path = "NSObject+VGSBJson.m"; sourceTree = "<group>"; };
		439818C815A36C210094B983 /* VGSBJsonParser.h */ = {isa = PBXFileReference; fileEncoding = 4; lastKnownFileType = sourcecode.c.h; path = VGSBJsonParser.h; sourceTree = "<group>"; };
		439818C915A36C210094B983 /* VGSBJsonParser.m */ = {isa = PBXFileReference; fileEncoding = 4; lastKnownFileType = sourcecode.c.objc; path = VGSBJsonParser.m; sourceTree = "<group>"; };
		439818CA15A36C210094B983 /* VGSBJsonStreamParser.h */ = {isa = PBXFileReference; fileEncoding = 4; lastKnownFileType = sourcecode.c.h; path = VGSBJsonStreamParser.h; sourceTree = "<group>"; };
		439818CB15A36C210094B983 /* VGSBJsonStreamParser.m */ = {isa = PBXFileReference; fileEncoding = 4; lastKnownFileType = sourcecode.c.objc; path = VGSBJsonStreamParser.m; sourceTree = "<group>"; };
		439818CC15A36C210094B983 /* VGSBJsonStreamParserAccumulator.h */ = {isa = PBXFileReference; fileEncoding = 4; lastKnownFileType = sourcecode.c.h; path = VGSBJsonStreamParserAccumulator.h; sourceTree = "<group>"; };
		439818CD15A36C210094B983 /* VGSBJsonStreamParserAccumulator.m */ = {isa = PBXFileReference; fileEncoding = 4; lastKnownFileType = sourcecode.c.objc; path = VGSBJsonStreamParserAccumulator.m; sourceTree = "<group>"; };
		439818CE15A36C210094B983 /* VGSBJsonStreamParserAdapter.h */ = {isa = PBXFileReference; fileEncoding = 4; lastKnownFileType = sourcecode.c.h; path = VGSBJsonStreamParserAdapter.h; sourceTree = "<group>"; };
		439818CF15A36C210094B983 /* VGSBJsonStreamParserAdapter.m */ = {isa = PBXFileReference; fileEncoding = 4; lastKnownFileType = sourcecode.c.objc; path = VGSBJsonStreamParserAdapter.m; sourceTree = "<group>"; };
		439818D015A36C210094B983 /* VGSBJsonStreamParserState.h */ = {isa = PBXFileReference; fileEncoding = 4; lastKnownFileType = sourcecode.c.h; path = VGSBJsonStreamParserState.h; sourceTree = "<group>"; };
		439818D115A36C210094B983 /* VGSBJsonStreamParserState.m */ = {isa = PBXFileReference; fileEncoding = 4; lastKnownFileType = sourcecode.c.objc; path = VGSBJsonStreamParserState.m; sourceTree = "<group>"; };
		439818D215A36C210094B983 /* VGSBJsonStreamWriter.h */ = {isa = PBXFileReference; fileEncoding = 4; lastKnownFileType = sourcecode.c.h; path = VGSBJsonStreamWriter.h; sourceTree = "<group>"; };
		439818D315A36C210094B983 /* VGSBJsonStreamWriter.m */ = {isa = PBXFileReference; fileEncoding = 4; lastKnownFileType = sourcecode.c.objc; path = VGSBJsonStreamWriter.m; sourceTree = "<group>"; };
		439818D415A36C210094B983 /* VGSBJsonStreamWriterAccumulator.h */ = {isa = PBXFileReference; fileEncoding = 4; lastKnownFileType = sourcecode.c.h; path = VGSBJsonStreamWriterAccumulator.h; sourceTree = "<group>"; };
		439818D515A36C210094B983 /* VGSBJsonStreamWriterAccumulator.m */ = {isa = PBXFileReference; fileEncoding = 4; lastKnownFileType = sourcecode.c.objc; path = VGSBJsonStreamWriterAccumulator.m; sourceTree = "<group>"; };
		439818D615A36C210094B983 /* VGSBJsonStreamWriterState.h */ = {isa = PBXFileReference; fileEncoding = 4; lastKnownFileType = sourcecode.c.h; path = VGSBJsonStreamWriterState.h; sourceTree = "<group>"; };
		439818D715A36C210094B983 /* VGSBJsonStreamWriterState.m */ = {isa = PBXFileReference; fileEncoding = 4; lastKnownFileType = sourcecode.c.objc; path = VGSBJsonStreamWriterState.m; sourceTree = "<group>"; };
		439818D815A36C210094B983 /* VGSBJsonTokeniser.h */ = {isa = PBXFileReference; fileEncoding = 4; lastKnownFileType = sourcecode.c.h; path = VGSBJsonTokeniser.h; sourceTree = "<group>"; };
		439818D915A36C210094B983 /* VGSBJsonTokeniser.m */ = {isa = PBXFileReference; fileEncoding = 4; lastKnownFileType = sourcecode.c.objc; path = VGSBJsonTokeniser.m; sourceTree = "<group>"; };
		439818DA15A36C210094B983 /* VGSBJsonUTF8Stream.h */ = {isa = PBXFileReference; fileEncoding = 4; lastKnownFileType = sourcecode.c.h; path = VGSBJsonUTF8Stream.h; sourceTree = "<group>"; };
		439818DB15A36C210094B983 /* VGSBJsonUTF8Stream.m */ = {isa = PBXFileReference; fileEncoding = 4; lastKnownFileType = sourcecode.c.objc; path = VGSBJsonUTF8Stream.m; sourceTree = "<group>"; };
		439818DC15A36C210094B983 /* VGSBJsonWriter.h */ = {isa = PBXFileReference; fileEncoding = 4; lastKnownFileType = sourcecode.c.h; path = VGSBJsonWriter.h; sourceTree = "<group>"; };
		439818DD15A36C210094B983 /* VGSBJsonWriter.m */ = {isa = PBXFileReference; fileEncoding = 4; lastKnownFileType = sourcecode.c.objc; path = VGSBJsonWriter.m; sourceTree = "<group>"; };
		439818DE15A36C210094B983 /* VGSBJson.h */ = {isa = PBXFileReference; fileEncoding = 4; lastKnownFileType = sourcecode.c.h; path = VGSBJson.h; sourceTree = "<group>"; };
		4399C06C1598EE5A00287DE2 /* ExampleAdvertiserSDK.app */ = {isa = PBXFileReference; explicitFileType = wrapper.application; includeInIndex = 0; path = ExampleAdvertiserSDK.app; sourceTree = BUILT_PRODUCTS_DIR; };
		4399C0701598EE5A00287DE2 /* UIKit.framework */ = {isa = PBXFileReference; lastKnownFileType = wrapper.framework; name = UIKit.framework; path = System/Library/Frameworks/UIKit.framework; sourceTree = SDKROOT; };
		4399C0721598EE5A00287DE2 /* Foundation.framework */ = {isa = PBXFileReference; lastKnownFileType = wrapper.framework; name = Foundation.framework; path = System/Library/Frameworks/Foundation.framework; sourceTree = SDKROOT; };
		4399C0741598EE5A00287DE2 /* CoreGraphics.framework */ = {isa = PBXFileReference; lastKnownFileType = wrapper.framework; name = CoreGraphics.framework; path = System/Library/Frameworks/CoreGraphics.framework; sourceTree = SDKROOT; };
		4399C0781598EE5A00287DE2 /* ExampleAdvertiserSDK-Info.plist */ = {isa = PBXFileReference; lastKnownFileType = text.plist.xml; path = "ExampleAdvertiserSDK-Info.plist"; sourceTree = "<group>"; };
		4399C07A1598EE5A00287DE2 /* en */ = {isa = PBXFileReference; lastKnownFileType = text.plist.strings; name = en; path = en.lproj/InfoPlist.strings; sourceTree = "<group>"; };
		4399C07C1598EE5A00287DE2 /* main.m */ = {isa = PBXFileReference; lastKnownFileType = sourcecode.c.objc; path = main.m; sourceTree = "<group>"; };
		4399C07E1598EE5A00287DE2 /* ExampleAdvertiserSDK-Prefix.pch */ = {isa = PBXFileReference; lastKnownFileType = sourcecode.c.h; path = "ExampleAdvertiserSDK-Prefix.pch"; sourceTree = "<group>"; };
		4399C07F1598EE5A00287DE2 /* AppDelegate.h */ = {isa = PBXFileReference; lastKnownFileType = sourcecode.c.h; path = AppDelegate.h; sourceTree = "<group>"; };
		4399C0801598EE5A00287DE2 /* AppDelegate.m */ = {isa = PBXFileReference; lastKnownFileType = sourcecode.c.objc; path = AppDelegate.m; sourceTree = "<group>"; };
		4399C0821598EE5A00287DE2 /* ViewController.h */ = {isa = PBXFileReference; lastKnownFileType = sourcecode.c.h; path = ViewController.h; sourceTree = "<group>"; };
		4399C0831598EE5A00287DE2 /* ViewController.m */ = {isa = PBXFileReference; lastKnownFileType = sourcecode.c.objc; path = ViewController.m; sourceTree = "<group>"; };
		4399C08F1598F04600287DE2 /* OpenUDID.m */ = {isa = PBXFileReference; fileEncoding = 4; lastKnownFileType = sourcecode.c.objc; path = OpenUDID.m; sourceTree = "<group>"; };
		4399C0901598F04600287DE2 /* VGDownload.h */ = {isa = PBXFileReference; fileEncoding = 4; lastKnownFileType = sourcecode.c.h; path = VGDownload.h; sourceTree = "<group>"; };
		4399C0911598F04600287DE2 /* VGDownload.m */ = {isa = PBXFileReference; fileEncoding = 4; lastKnownFileType = sourcecode.c.objc; path = VGDownload.m; sourceTree = "<group>"; };
		4399C0941598F77500287DE2 /* VGAnalytics.h */ = {isa = PBXFileReference; fileEncoding = 4; lastKnownFileType = sourcecode.c.h; path = VGAnalytics.h; sourceTree = "<group>"; };
		4399C0951598F77500287DE2 /* VGAnalytics.m */ = {isa = PBXFileReference; fileEncoding = 4; lastKnownFileType = sourcecode.c.objc; lineEnding = 0; path = VGAnalytics.m; sourceTree = "<group>"; xcLanguageSpecificationIdentifier = xcode.lang.objc; };
		4399C0B01599565300287DE2 /* OpenUDID.h */ = {isa = PBXFileReference; fileEncoding = 4; lastKnownFileType = sourcecode.c.h; path = OpenUDID.h; sourceTree = "<group>"; };
		43F58CF815A27BBE0080C366 /* SystemConfiguration.framework */ = {isa = PBXFileReference; lastKnownFileType = wrapper.framework; name = SystemConfiguration.framework; path = System/Library/Frameworks/SystemConfiguration.framework; sourceTree = SDKROOT; };
/* End PBXFileReference section */

/* Begin PBXFrameworksBuildPhase section */
		4399C0691598EE5A00287DE2 /* Frameworks */ = {
			isa = PBXFrameworksBuildPhase;
			buildActionMask = 2147483647;
			files = (
				43F58CF915A27BBE0080C366 /* SystemConfiguration.framework in Frameworks */,
				4399C0711598EE5A00287DE2 /* UIKit.framework in Frameworks */,
				4399C0731598EE5A00287DE2 /* Foundation.framework in Frameworks */,
				4399C0751598EE5A00287DE2 /* CoreGraphics.framework in Frameworks */,
			);
			runOnlyForDeploymentPostprocessing = 0;
		};
/* End PBXFrameworksBuildPhase section */

/* Begin PBXGroup section */
		439818C315A36C210094B983 /* sbjson */ = {
			isa = PBXGroup;
			children = (
				439818C415A36C210094B983 /* extras */,
				439818C715A36C210094B983 /* modules */,
				439818DE15A36C210094B983 /* VGSBJson.h */,
			);
			path = sbjson;
			sourceTree = "<group>";
		};
		439818C415A36C210094B983 /* extras */ = {
			isa = PBXGroup;
			children = (
				439818C515A36C210094B983 /* NSObject+VGSBJson.h */,
				439818C615A36C210094B983 /* NSObject+VGSBJson.m */,
			);
			path = extras;
			sourceTree = "<group>";
		};
		439818C715A36C210094B983 /* modules */ = {
			isa = PBXGroup;
			children = (
				439818C815A36C210094B983 /* VGSBJsonParser.h */,
				439818C915A36C210094B983 /* VGSBJsonParser.m */,
				439818CA15A36C210094B983 /* VGSBJsonStreamParser.h */,
				439818CB15A36C210094B983 /* VGSBJsonStreamParser.m */,
				439818CC15A36C210094B983 /* VGSBJsonStreamParserAccumulator.h */,
				439818CD15A36C210094B983 /* VGSBJsonStreamParserAccumulator.m */,
				439818CE15A36C210094B983 /* VGSBJsonStreamParserAdapter.h */,
				439818CF15A36C210094B983 /* VGSBJsonStreamParserAdapter.m */,
				439818D015A36C210094B983 /* VGSBJsonStreamParserState.h */,
				439818D115A36C210094B983 /* VGSBJsonStreamParserState.m */,
				439818D215A36C210094B983 /* VGSBJsonStreamWriter.h */,
				439818D315A36C210094B983 /* VGSBJsonStreamWriter.m */,
				439818D415A36C210094B983 /* VGSBJsonStreamWriterAccumulator.h */,
				439818D515A36C210094B983 /* VGSBJsonStreamWriterAccumulator.m */,
				439818D615A36C210094B983 /* VGSBJsonStreamWriterState.h */,
				439818D715A36C210094B983 /* VGSBJsonStreamWriterState.m */,
				439818D815A36C210094B983 /* VGSBJsonTokeniser.h */,
				439818D915A36C210094B983 /* VGSBJsonTokeniser.m */,
				439818DA15A36C210094B983 /* VGSBJsonUTF8Stream.h */,
				439818DB15A36C210094B983 /* VGSBJsonUTF8Stream.m */,
				439818DC15A36C210094B983 /* VGSBJsonWriter.h */,
				439818DD15A36C210094B983 /* VGSBJsonWriter.m */,
			);
			path = modules;
			sourceTree = "<group>";
		};
		4399C0611598EE5A00287DE2 = {
			isa = PBXGroup;
			children = (
				4399C0761598EE5A00287DE2 /* ExampleAdvertiserSDK */,
				4399C0771598EE5A00287DE2 /* Supporting Files */,
				4399C06F1598EE5A00287DE2 /* Frameworks */,
				4399C06D1598EE5A00287DE2 /* Products */,
			);
			sourceTree = "<group>";
		};
		4399C06D1598EE5A00287DE2 /* Products */ = {
			isa = PBXGroup;
			children = (
				4399C06C1598EE5A00287DE2 /* ExampleAdvertiserSDK.app */,
			);
			name = Products;
			sourceTree = "<group>";
		};
		4399C06F1598EE5A00287DE2 /* Frameworks */ = {
			isa = PBXGroup;
			children = (
				43F58CF815A27BBE0080C366 /* SystemConfiguration.framework */,
				4399C0701598EE5A00287DE2 /* UIKit.framework */,
				4399C0721598EE5A00287DE2 /* Foundation.framework */,
				4399C0741598EE5A00287DE2 /* CoreGraphics.framework */,
			);
			name = Frameworks;
			sourceTree = "<group>";
		};
		4399C0761598EE5A00287DE2 /* ExampleAdvertiserSDK */ = {
			isa = PBXGroup;
			children = (
				4399C07F1598EE5A00287DE2 /* AppDelegate.h */,
				4399C0801598EE5A00287DE2 /* AppDelegate.m */,
				4399C0821598EE5A00287DE2 /* ViewController.h */,
				4399C0831598EE5A00287DE2 /* ViewController.m */,
				4399C08D1598F04600287DE2 /* lib */,
			);
			path = ExampleAdvertiserSDK;
			sourceTree = "<group>";
		};
		4399C0771598EE5A00287DE2 /* Supporting Files */ = {
			isa = PBXGroup;
			children = (
				4399C0781598EE5A00287DE2 /* ExampleAdvertiserSDK-Info.plist */,
				4399C0791598EE5A00287DE2 /* InfoPlist.strings */,
				4399C07C1598EE5A00287DE2 /* main.m */,
				4399C07E1598EE5A00287DE2 /* ExampleAdvertiserSDK-Prefix.pch */,
			);
			name = "Supporting Files";
			path = ExampleAdvertiserSDK;
			sourceTree = "<group>";
		};
		4399C08D1598F04600287DE2 /* lib */ = {
			isa = PBXGroup;
			children = (
				439818C315A36C210094B983 /* sbjson */,
				4399C0B01599565300287DE2 /* OpenUDID.h */,
				4399C08F1598F04600287DE2 /* OpenUDID.m */,
				4399C0901598F04600287DE2 /* VGDownload.h */,
				4399C0911598F04600287DE2 /* VGDownload.m */,
				4399C0941598F77500287DE2 /* VGAnalytics.h */,
				4399C0951598F77500287DE2 /* VGAnalytics.m */,
			);
			path = lib;
			sourceTree = "<group>";
		};
/* End PBXGroup section */

/* Begin PBXNativeTarget section */
		4399C06B1598EE5A00287DE2 /* ExampleAdvertiserSDK */ = {
			isa = PBXNativeTarget;
			buildConfigurationList = 4399C08A1598EE5A00287DE2 /* Build configuration list for PBXNativeTarget "ExampleAdvertiserSDK" */;
			buildPhases = (
				4399C0681598EE5A00287DE2 /* Sources */,
				4399C0691598EE5A00287DE2 /* Frameworks */,
				4399C06A1598EE5A00287DE2 /* Resources */,
			);
			buildRules = (
			);
			dependencies = (
			);
			name = ExampleAdvertiserSDK;
			productName = ExampleAdvertiserSDK;
			productReference = 4399C06C1598EE5A00287DE2 /* ExampleAdvertiserSDK.app */;
			productType = "com.apple.product-type.application";
		};
/* End PBXNativeTarget section */

/* Begin PBXProject section */
		4399C0631598EE5A00287DE2 /* Project object */ = {
			isa = PBXProject;
			attributes = {
				LastUpgradeCheck = 0430;
				ORGANIZATIONNAME = "Carnegie Mellon University";
			};
			buildConfigurationList = 4399C0661598EE5A00287DE2 /* Build configuration list for PBXProject "ExampleAdvertiserSDK" */;
			compatibilityVersion = "Xcode 3.2";
			developmentRegion = English;
			hasScannedForEncodings = 0;
			knownRegions = (
				en,
			);
			mainGroup = 4399C0611598EE5A00287DE2;
			productRefGroup = 4399C06D1598EE5A00287DE2 /* Products */;
			projectDirPath = "";
			projectRoot = "";
			targets = (
				4399C06B1598EE5A00287DE2 /* ExampleAdvertiserSDK */,
			);
		};
/* End PBXProject section */

/* Begin PBXResourcesBuildPhase section */
		4399C06A1598EE5A00287DE2 /* Resources */ = {
			isa = PBXResourcesBuildPhase;
			buildActionMask = 2147483647;
			files = (
				4399C07B1598EE5A00287DE2 /* InfoPlist.strings in Resources */,
			);
			runOnlyForDeploymentPostprocessing = 0;
		};
/* End PBXResourcesBuildPhase section */

/* Begin PBXSourcesBuildPhase section */
		4399C0681598EE5A00287DE2 /* Sources */ = {
			isa = PBXSourcesBuildPhase;
			buildActionMask = 2147483647;
			files = (
				4399C07D1598EE5A00287DE2 /* main.m in Sources */,
				4399C0811598EE5A00287DE2 /* AppDelegate.m in Sources */,
				4399C0841598EE5A00287DE2 /* ViewController.m in Sources */,
				4399C0921598F04600287DE2 /* OpenUDID.m in Sources */,
				4399C0931598F04600287DE2 /* VGDownload.m in Sources */,
				4399C0961598F77500287DE2 /* VGAnalytics.m in Sources */,
				439818DF15A36C210094B983 /* NSObject+VGSBJson.m in Sources */,
				439818E015A36C210094B983 /* VGSBJsonParser.m in Sources */,
				439818E115A36C210094B983 /* VGSBJsonStreamParser.m in Sources */,
				439818E215A36C210094B983 /* VGSBJsonStreamParserAccumulator.m in Sources */,
				439818E315A36C210094B983 /* VGSBJsonStreamParserAdapter.m in Sources */,
				439818E415A36C210094B983 /* VGSBJsonStreamParserState.m in Sources */,
				439818E515A36C210094B983 /* VGSBJsonStreamWriter.m in Sources */,
				439818E615A36C210094B983 /* VGSBJsonStreamWriterAccumulator.m in Sources */,
				439818E715A36C210094B983 /* VGSBJsonStreamWriterState.m in Sources */,
				439818E815A36C210094B983 /* VGSBJsonTokeniser.m in Sources */,
				439818E915A36C210094B983 /* VGSBJsonUTF8Stream.m in Sources */,
				439818EA15A36C210094B983 /* VGSBJsonWriter.m in Sources */,
			);
			runOnlyForDeploymentPostprocessing = 0;
		};
/* End PBXSourcesBuildPhase section */

/* Begin PBXVariantGroup section */
		4399C0791598EE5A00287DE2 /* InfoPlist.strings */ = {
			isa = PBXVariantGroup;
			children = (
				4399C07A1598EE5A00287DE2 /* en */,
			);
			name = InfoPlist.strings;
			sourceTree = "<group>";
		};
/* End PBXVariantGroup section */

/* Begin XCBuildConfiguration section */
		4399C0881598EE5A00287DE2 /* Debug */ = {
			isa = XCBuildConfiguration;
			buildSettings = {
				ALWAYS_SEARCH_USER_PATHS = NO;
				ARCHS = (
					armv6,
					armv7,
				);
				CLANG_ENABLE_OBJC_ARC = YES;
				"CODE_SIGN_IDENTITY[sdk=iphoneos*]" = "iPhone Developer";
				COPY_PHASE_STRIP = NO;
				GCC_C_LANGUAGE_STANDARD = gnu99;
				GCC_DYNAMIC_NO_PIC = NO;
				GCC_OPTIMIZATION_LEVEL = 0;
				GCC_PREPROCESSOR_DEFINITIONS = (
					"DEBUG=1",
					"$(inherited)",
				);
				GCC_SYMBOLS_PRIVATE_EXTERN = NO;
				GCC_VERSION = com.apple.compilers.llvm.clang.1_0;
				GCC_WARN_ABOUT_RETURN_TYPE = YES;
				GCC_WARN_UNINITIALIZED_AUTOS = YES;
				GCC_WARN_UNUSED_VARIABLE = YES;
				HEADER_SEARCH_PATHS = sbjson;
				IPHONEOS_DEPLOYMENT_TARGET = 4.0;
				SDKROOT = iphoneos;
			};
			name = Debug;
		};
		4399C0891598EE5A00287DE2 /* Release */ = {
			isa = XCBuildConfiguration;
			buildSettings = {
				ALWAYS_SEARCH_USER_PATHS = NO;
				ARCHS = (
					armv6,
					armv7,
				);
				CLANG_ENABLE_OBJC_ARC = YES;
				"CODE_SIGN_IDENTITY[sdk=iphoneos*]" = "iPhone Developer";
				COPY_PHASE_STRIP = YES;
				GCC_C_LANGUAGE_STANDARD = gnu99;
				GCC_VERSION = com.apple.compilers.llvm.clang.1_0;
				GCC_WARN_ABOUT_RETURN_TYPE = YES;
				GCC_WARN_UNINITIALIZED_AUTOS = YES;
				GCC_WARN_UNUSED_VARIABLE = YES;
				HEADER_SEARCH_PATHS = sbjson;
				IPHONEOS_DEPLOYMENT_TARGET = 4.0;
				OTHER_CFLAGS = "-DNS_BLOCK_ASSERTIONS=1";
				SDKROOT = iphoneos;
				VALIDATE_PRODUCT = YES;
			};
			name = Release;
		};
		4399C08B1598EE5A00287DE2 /* Debug */ = {
			isa = XCBuildConfiguration;
			buildSettings = {
				GCC_PRECOMPILE_PREFIX_HEADER = YES;
				GCC_PREFIX_HEADER = "ExampleAdvertiserSDK/ExampleAdvertiserSDK-Prefix.pch";
				INFOPLIST_FILE = "ExampleAdvertiserSDK/ExampleAdvertiserSDK-Info.plist";
				IPHONEOS_DEPLOYMENT_TARGET = 4.0;
				PRODUCT_NAME = "$(TARGET_NAME)";
				WRAPPER_EXTENSION = app;
			};
			name = Debug;
		};
		4399C08C1598EE5A00287DE2 /* Release */ = {
			isa = XCBuildConfiguration;
			buildSettings = {
				GCC_PRECOMPILE_PREFIX_HEADER = YES;
				GCC_PREFIX_HEADER = "ExampleAdvertiserSDK/ExampleAdvertiserSDK-Prefix.pch";
				INFOPLIST_FILE = "ExampleAdvertiserSDK/ExampleAdvertiserSDK-Info.plist";
				IPHONEOS_DEPLOYMENT_TARGET = 4.0;
				PRODUCT_NAME = "$(TARGET_NAME)";
				WRAPPER_EXTENSION = app;
			};
			name = Release;
		};
/* End XCBuildConfiguration section */

/* Begin XCConfigurationList section */
		4399C0661598EE5A00287DE2 /* Build configuration list for PBXProject "ExampleAdvertiserSDK" */ = {
			isa = XCConfigurationList;
			buildConfigurations = (
				4399C0881598EE5A00287DE2 /* Debug */,
				4399C0891598EE5A00287DE2 /* Release */,
			);
			defaultConfigurationIsVisible = 0;
			defaultConfigurationName = Release;
		};
		4399C08A1598EE5A00287DE2 /* Build configuration list for PBXNativeTarget "ExampleAdvertiserSDK" */ = {
			isa = XCConfigurationList;
			buildConfigurations = (
				4399C08B1598EE5A00287DE2 /* Debug */,
				4399C08C1598EE5A00287DE2 /* Release */,
			);
			defaultConfigurationIsVisible = 0;
			defaultConfigurationName = Release;
		};
/* End XCConfigurationList section */
	};
	rootObject = 4399C0631598EE5A00287DE2 /* Project object */;
}
